
Microsoft Visual Studio Solution File, Format Version 12.00
# Visual Studio Version 17
VisualStudioVersion = 17.4.33205.214
MinimumVisualStudioVersion = 10.0.40219.1
Project("{FAE04EC0-301F-11D3-BF4B-00C04F79EFBC}") = "BankAccount", "BankAccount\BankAccount.csproj", "{A5FE1C8E-9740-4B95-B3FF-125E3ACA17C0}"
EndProject
Project("{FAE04EC0-301F-11D3-BF4B-00C04F79EFBC}") = "BankAccount.Tests", "BankAccount.Tests\BankAccount.Tests.csproj", "{22022D3A-84F4-4DF0-A113-736FF517C5B7}"
EndProject
Project("{9A19103F-16F7-4668-BE54-9A1E7A4F7556}") = "Skeleton", "01. Test Axe\Skeleton\Skeleton.csproj", "{B2B0F7DD-9012-415D-8EC4-7A9E44660333}"
EndProject
Project("{9A19103F-16F7-4668-BE54-9A1E7A4F7556}") = "Skeleton.Tests", "01. Test Axe\Skeleton.Tests\Skeleton.Tests.csproj", "{FFDAF8CE-26A9-4266-A684-78E14C669C23}"
EndProject
Global
	GlobalSection(SolutionConfigurationPlatforms) = preSolution
		Debug|Any CPU = Debug|Any CPU
		Release|Any CPU = Release|Any CPU
	EndGlobalSection
	GlobalSection(ProjectConfigurationPlatforms) = postSolution
		{A5FE1C8E-9740-4B95-B3FF-125E3ACA17C0}.Debug|Any CPU.ActiveCfg = Debug|Any CPU
		{A5FE1C8E-9740-4B95-B3FF-125E3ACA17C0}.Debug|Any CPU.Build.0 = Debug|Any CPU
		{A5FE1C8E-9740-4B95-B3FF-125E3ACA17C0}.Release|Any CPU.ActiveCfg = Release|Any CPU
		{A5FE1C8E-9740-4B95-B3FF-125E3ACA17C0}.Release|Any CPU.Build.0 = Release|Any CPU
		{22022D3A-84F4-4DF0-A113-736FF517C5B7}.Debug|Any CPU.ActiveCfg = Debug|Any CPU
		{22022D3A-84F4-4DF0-A113-736FF517C5B7}.Debug|Any CPU.Build.0 = Debug|Any CPU
		{22022D3A-84F4-4DF0-A113-736FF517C5B7}.Release|Any CPU.ActiveCfg = Release|Any CPU
		{22022D3A-84F4-4DF0-A113-736FF517C5B7}.Release|Any CPU.Build.0 = Release|Any CPU
		{B2B0F7DD-9012-415D-8EC4-7A9E44660333}.Debug|Any CPU.ActiveCfg = Debug|Any CPU
		{B2B0F7DD-9012-415D-8EC4-7A9E44660333}.Debug|Any CPU.Build.0 = Debug|Any CPU
		{B2B0F7DD-9012-415D-8EC4-7A9E44660333}.Release|Any CPU.ActiveCfg = Release|Any CPU
		{B2B0F7DD-9012-415D-8EC4-7A9E44660333}.Release|Any CPU.Build.0 = Release|Any CPU
		{FFDAF8CE-26A9-4266-A684-78E14C669C23}.Debug|Any CPU.ActiveCfg = Debug|Any CPU
		{FFDAF8CE-26A9-4266-A684-78E14C669C23}.Debug|Any CPU.Build.0 = Debug|Any CPU
		{FFDAF8CE-26A9-4266-A684-78E14C669C23}.Release|Any CPU.ActiveCfg = Release|Any CPU
		{FFDAF8CE-26A9-4266-A684-78E14C669C23}.Release|Any CPU.Build.0 = Release|Any CPU
	EndGlobalSection
	GlobalSection(SolutionProperties) = preSolution
		HideSolutionNode = FALSE
	EndGlobalSection
	GlobalSection(ExtensibilityGlobals) = postSolution
		SolutionGuid = {0F191F96-A84F-4C38-B405-AF820ACE1CEF}
	EndGlobalSection
EndGlobal
