
Microsoft Visual Studio Solution File, Format Version 12.00
# Visual Studio Version 17
VisualStudioVersion = 17.4.33205.214
MinimumVisualStudioVersion = 10.0.40219.1
Project("{FAE04EC0-301F-11D3-BF4B-00C04F79EFBC}") = "Demo", "Demo\Demo.csproj", "{181B3AB6-2038-4B05-9213-3674D67EF31D}"
EndProject
Project("{FAE04EC0-301F-11D3-BF4B-00C04F79EFBC}") = "PersonsInfo", "PersonsInfo\PersonsInfo.csproj", "{66B1FC8E-CF4F-41E7-AC5C-870ADCDA217C}"
EndProject
Global
	GlobalSection(SolutionConfigurationPlatforms) = preSolution
		Debug|Any CPU = Debug|Any CPU
		Release|Any CPU = Release|Any CPU
	EndGlobalSection
	GlobalSection(ProjectConfigurationPlatforms) = postSolution
		{181B3AB6-2038-4B05-9213-3674D67EF31D}.Debug|Any CPU.ActiveCfg = Debug|Any CPU
		{181B3AB6-2038-4B05-9213-3674D67EF31D}.Debug|Any CPU.Build.0 = Debug|Any CPU
		{181B3AB6-2038-4B05-9213-3674D67EF31D}.Release|Any CPU.ActiveCfg = Release|Any CPU
		{181B3AB6-2038-4B05-9213-3674D67EF31D}.Release|Any CPU.Build.0 = Release|Any CPU
		{66B1FC8E-CF4F-41E7-AC5C-870ADCDA217C}.Debug|Any CPU.ActiveCfg = Debug|Any CPU
		{66B1FC8E-CF4F-41E7-AC5C-870ADCDA217C}.Debug|Any CPU.Build.0 = Debug|Any CPU
		{66B1FC8E-CF4F-41E7-AC5C-870ADCDA217C}.Release|Any CPU.ActiveCfg = Release|Any CPU
		{66B1FC8E-CF4F-41E7-AC5C-870ADCDA217C}.Release|Any CPU.Build.0 = Release|Any CPU
	EndGlobalSection
	GlobalSection(SolutionProperties) = preSolution
		HideSolutionNode = FALSE
	EndGlobalSection
	GlobalSection(ExtensibilityGlobals) = postSolution
		SolutionGuid = {434E15A4-3CF9-4491-9941-ABE68B19FC75}
	EndGlobalSection
EndGlobal
