
Microsoft Visual Studio Solution File, Format Version 12.00
# Visual Studio Version 17
VisualStudioVersion = 17.4.33205.214
MinimumVisualStudioVersion = 10.0.40219.1
Project("{9A19103F-16F7-4668-BE54-9A1E7A4F7556}") = "01. Action Print", "01. Action Print\01. Action Print.csproj", "{AE75FA19-BFFA-4191-8CF9-F717B7F70DA1}"
EndProject
Project("{9A19103F-16F7-4668-BE54-9A1E7A4F7556}") = "Demo", "Demo\Demo.csproj", "{89796C98-6931-484E-AF65-1C7B3D3348DD}"
EndProject
Project("{9A19103F-16F7-4668-BE54-9A1E7A4F7556}") = "03. Custom Min Function", "03. Custom Min Function\03. Custom Min Function.csproj", "{B7C739A4-FB61-4896-9388-2C59B8E7936C}"
EndProject
Project("{9A19103F-16F7-4668-BE54-9A1E7A4F7556}") = "04. Find Evens or Odds", "04. Find Evens or Odds\04. Find Evens or Odds.csproj", "{F1F0CAE2-5662-4FC9-BCAD-FD5C1A60644E}"
EndProject
Project("{9A19103F-16F7-4668-BE54-9A1E7A4F7556}") = "Func", "..\07.Functional Programming - Lab\Func\Func.csproj", "{4E4AD163-2E2B-4C8A-8D17-1856BF55045E}"
EndProject
Project("{9A19103F-16F7-4668-BE54-9A1E7A4F7556}") = "05. Applied Arithmetics", "05. Applied Arithmetics\05. Applied Arithmetics.csproj", "{5659D319-703B-40FB-B7A1-10D604796EB2}"
EndProject
Project("{9A19103F-16F7-4668-BE54-9A1E7A4F7556}") = "06. Reverse And Exclude", "06. Reverse And Exclude\06. Reverse And Exclude.csproj", "{CC85C706-9AFB-4809-9A03-A5208BCF877D}"
EndProject
Project("{9A19103F-16F7-4668-BE54-9A1E7A4F7556}") = "07. Predicate For Names", "07. Predicate For Names\07. Predicate For Names.csproj", "{1ADFAA8E-E9CF-43CF-9D14-B1698C992A6C}"
EndProject
Project("{9A19103F-16F7-4668-BE54-9A1E7A4F7556}") = "08. List Of Predicates", "08. List Of Predicates\08. List Of Predicates.csproj", "{36F7A149-1CF7-4F56-A055-5C9953BC000F}"
EndProject
Project("{FAE04EC0-301F-11D3-BF4B-00C04F79EFBC}") = "09. Predicate Party!", "09. Predicate Party!\09. Predicate Party!.csproj", "{331D7BB8-D3EA-4EAF-9E78-9E75F85A0868}"
EndProject
Project("{FAE04EC0-301F-11D3-BF4B-00C04F79EFBC}") = "11. TriFunction", "11. TriFunction\11. TriFunction.csproj", "{9AC1950A-B2FB-4578-99E0-C6358B1ECDCF}"
EndProject
Global
	GlobalSection(SolutionConfigurationPlatforms) = preSolution
		Debug|Any CPU = Debug|Any CPU
		Release|Any CPU = Release|Any CPU
	EndGlobalSection
	GlobalSection(ProjectConfigurationPlatforms) = postSolution
		{AE75FA19-BFFA-4191-8CF9-F717B7F70DA1}.Debug|Any CPU.ActiveCfg = Debug|Any CPU
		{AE75FA19-BFFA-4191-8CF9-F717B7F70DA1}.Debug|Any CPU.Build.0 = Debug|Any CPU
		{AE75FA19-BFFA-4191-8CF9-F717B7F70DA1}.Release|Any CPU.ActiveCfg = Release|Any CPU
		{AE75FA19-BFFA-4191-8CF9-F717B7F70DA1}.Release|Any CPU.Build.0 = Release|Any CPU
		{89796C98-6931-484E-AF65-1C7B3D3348DD}.Debug|Any CPU.ActiveCfg = Debug|Any CPU
		{89796C98-6931-484E-AF65-1C7B3D3348DD}.Debug|Any CPU.Build.0 = Debug|Any CPU
		{89796C98-6931-484E-AF65-1C7B3D3348DD}.Release|Any CPU.ActiveCfg = Release|Any CPU
		{89796C98-6931-484E-AF65-1C7B3D3348DD}.Release|Any CPU.Build.0 = Release|Any CPU
		{B7C739A4-FB61-4896-9388-2C59B8E7936C}.Debug|Any CPU.ActiveCfg = Debug|Any CPU
		{B7C739A4-FB61-4896-9388-2C59B8E7936C}.Debug|Any CPU.Build.0 = Debug|Any CPU
		{B7C739A4-FB61-4896-9388-2C59B8E7936C}.Release|Any CPU.ActiveCfg = Release|Any CPU
		{B7C739A4-FB61-4896-9388-2C59B8E7936C}.Release|Any CPU.Build.0 = Release|Any CPU
		{F1F0CAE2-5662-4FC9-BCAD-FD5C1A60644E}.Debug|Any CPU.ActiveCfg = Debug|Any CPU
		{F1F0CAE2-5662-4FC9-BCAD-FD5C1A60644E}.Debug|Any CPU.Build.0 = Debug|Any CPU
		{F1F0CAE2-5662-4FC9-BCAD-FD5C1A60644E}.Release|Any CPU.ActiveCfg = Release|Any CPU
		{F1F0CAE2-5662-4FC9-BCAD-FD5C1A60644E}.Release|Any CPU.Build.0 = Release|Any CPU
		{4E4AD163-2E2B-4C8A-8D17-1856BF55045E}.Debug|Any CPU.ActiveCfg = Debug|Any CPU
		{4E4AD163-2E2B-4C8A-8D17-1856BF55045E}.Debug|Any CPU.Build.0 = Debug|Any CPU
		{4E4AD163-2E2B-4C8A-8D17-1856BF55045E}.Release|Any CPU.ActiveCfg = Release|Any CPU
		{4E4AD163-2E2B-4C8A-8D17-1856BF55045E}.Release|Any CPU.Build.0 = Release|Any CPU
		{5659D319-703B-40FB-B7A1-10D604796EB2}.Debug|Any CPU.ActiveCfg = Debug|Any CPU
		{5659D319-703B-40FB-B7A1-10D604796EB2}.Debug|Any CPU.Build.0 = Debug|Any CPU
		{5659D319-703B-40FB-B7A1-10D604796EB2}.Release|Any CPU.ActiveCfg = Release|Any CPU
		{5659D319-703B-40FB-B7A1-10D604796EB2}.Release|Any CPU.Build.0 = Release|Any CPU
		{CC85C706-9AFB-4809-9A03-A5208BCF877D}.Debug|Any CPU.ActiveCfg = Debug|Any CPU
		{CC85C706-9AFB-4809-9A03-A5208BCF877D}.Debug|Any CPU.Build.0 = Debug|Any CPU
		{CC85C706-9AFB-4809-9A03-A5208BCF877D}.Release|Any CPU.ActiveCfg = Release|Any CPU
		{CC85C706-9AFB-4809-9A03-A5208BCF877D}.Release|Any CPU.Build.0 = Release|Any CPU
		{1ADFAA8E-E9CF-43CF-9D14-B1698C992A6C}.Debug|Any CPU.ActiveCfg = Debug|Any CPU
		{1ADFAA8E-E9CF-43CF-9D14-B1698C992A6C}.Debug|Any CPU.Build.0 = Debug|Any CPU
		{1ADFAA8E-E9CF-43CF-9D14-B1698C992A6C}.Release|Any CPU.ActiveCfg = Release|Any CPU
		{1ADFAA8E-E9CF-43CF-9D14-B1698C992A6C}.Release|Any CPU.Build.0 = Release|Any CPU
		{36F7A149-1CF7-4F56-A055-5C9953BC000F}.Debug|Any CPU.ActiveCfg = Debug|Any CPU
		{36F7A149-1CF7-4F56-A055-5C9953BC000F}.Debug|Any CPU.Build.0 = Debug|Any CPU
		{36F7A149-1CF7-4F56-A055-5C9953BC000F}.Release|Any CPU.ActiveCfg = Release|Any CPU
		{36F7A149-1CF7-4F56-A055-5C9953BC000F}.Release|Any CPU.Build.0 = Release|Any CPU
		{331D7BB8-D3EA-4EAF-9E78-9E75F85A0868}.Debug|Any CPU.ActiveCfg = Debug|Any CPU
		{331D7BB8-D3EA-4EAF-9E78-9E75F85A0868}.Debug|Any CPU.Build.0 = Debug|Any CPU
		{331D7BB8-D3EA-4EAF-9E78-9E75F85A0868}.Release|Any CPU.ActiveCfg = Release|Any CPU
		{331D7BB8-D3EA-4EAF-9E78-9E75F85A0868}.Release|Any CPU.Build.0 = Release|Any CPU
		{9AC1950A-B2FB-4578-99E0-C6358B1ECDCF}.Debug|Any CPU.ActiveCfg = Debug|Any CPU
		{9AC1950A-B2FB-4578-99E0-C6358B1ECDCF}.Debug|Any CPU.Build.0 = Debug|Any CPU
		{9AC1950A-B2FB-4578-99E0-C6358B1ECDCF}.Release|Any CPU.ActiveCfg = Release|Any CPU
		{9AC1950A-B2FB-4578-99E0-C6358B1ECDCF}.Release|Any CPU.Build.0 = Release|Any CPU
	EndGlobalSection
	GlobalSection(SolutionProperties) = preSolution
		HideSolutionNode = FALSE
	EndGlobalSection
	GlobalSection(ExtensibilityGlobals) = postSolution
		SolutionGuid = {E43E833B-5276-4540-B6F0-BC145A6659FF}
	EndGlobalSection
EndGlobal
